
Microsoft Visual Studio Solution File, Format Version 12.00
# Visual Studio 15
VisualStudioVersion = 15.0.28307.645
MinimumVisualStudioVersion = 10.0.40219.1
Project("{9A19103F-16F7-4668-BE54-9A1E7A4F7556}") = "ProjectOne", "ProjectOne\ProjectOne.csproj", "{09AD2386-DA3A-48D8-9FED-B4882F5813CF}"
EndProject
Project("{151D2E53-A2C4-4D7D-83FE-D05416EBD58E}") = "AzureLogicApp", "AzureLogicApp\AzureLogicApp.deployproj", "{ED31565A-F5DF-463B-BB86-26CD19345914}"
EndProject
Project("{9A19103F-16F7-4668-BE54-9A1E7A4F7556}") = "ProjectOne.SpecFlow", "ProjectOne.SpecFlow\ProjectOne.SpecFlow.csproj", "{7A9B5425-536F-4DEE-8B2A-269E73D5E49C}"
EndProject
Project("{FAE04EC0-301F-11D3-BF4B-00C04F79EFBC}") = "UnitTestProject1", "UnitTestProject1\UnitTestProject1.csproj", "{B41283B3-B898-4A86-8CAE-CE44F20D28CD}"
EndProject
Global
	GlobalSection(SolutionConfigurationPlatforms) = preSolution
		Debug|Any CPU = Debug|Any CPU
		Release|Any CPU = Release|Any CPU
	EndGlobalSection
	GlobalSection(ProjectConfigurationPlatforms) = postSolution
		{09AD2386-DA3A-48D8-9FED-B4882F5813CF}.Debug|Any CPU.ActiveCfg = Debug|Any CPU
		{09AD2386-DA3A-48D8-9FED-B4882F5813CF}.Debug|Any CPU.Build.0 = Debug|Any CPU
		{09AD2386-DA3A-48D8-9FED-B4882F5813CF}.Release|Any CPU.ActiveCfg = Release|Any CPU
		{09AD2386-DA3A-48D8-9FED-B4882F5813CF}.Release|Any CPU.Build.0 = Release|Any CPU
		{ED31565A-F5DF-463B-BB86-26CD19345914}.Debug|Any CPU.ActiveCfg = Debug|Any CPU
		{ED31565A-F5DF-463B-BB86-26CD19345914}.Debug|Any CPU.Build.0 = Debug|Any CPU
		{ED31565A-F5DF-463B-BB86-26CD19345914}.Release|Any CPU.ActiveCfg = Release|Any CPU
		{ED31565A-F5DF-463B-BB86-26CD19345914}.Release|Any CPU.Build.0 = Release|Any CPU
		{7A9B5425-536F-4DEE-8B2A-269E73D5E49C}.Debug|Any CPU.ActiveCfg = Debug|Any CPU
		{7A9B5425-536F-4DEE-8B2A-269E73D5E49C}.Debug|Any CPU.Build.0 = Debug|Any CPU
		{7A9B5425-536F-4DEE-8B2A-269E73D5E49C}.Release|Any CPU.ActiveCfg = Release|Any CPU
		{7A9B5425-536F-4DEE-8B2A-269E73D5E49C}.Release|Any CPU.Build.0 = Release|Any CPU
		{B41283B3-B898-4A86-8CAE-CE44F20D28CD}.Debug|Any CPU.ActiveCfg = Debug|Any CPU
		{B41283B3-B898-4A86-8CAE-CE44F20D28CD}.Debug|Any CPU.Build.0 = Debug|Any CPU
		{B41283B3-B898-4A86-8CAE-CE44F20D28CD}.Release|Any CPU.ActiveCfg = Release|Any CPU
		{B41283B3-B898-4A86-8CAE-CE44F20D28CD}.Release|Any CPU.Build.0 = Release|Any CPU
	EndGlobalSection
	GlobalSection(SolutionProperties) = preSolution
		HideSolutionNode = FALSE
	EndGlobalSection
	GlobalSection(ExtensibilityGlobals) = postSolution
		SolutionGuid = {4B5E43E2-D4F9-4D21-9708-07A54465CCF2}
	EndGlobalSection
EndGlobal
